# THIS IS AN AUTOGENERATED FILE. DO NOT EDIT THIS FILE DIRECTLY.
# yarn lockfile v1


"@esbuild/aix-ppc64@0.19.10":
  version "0.19.10"
  resolved "https://registry.yarnpkg.com/@esbuild/aix-ppc64/-/aix-ppc64-0.19.10.tgz#fb3922a0183d27446de00cf60d4f7baaadf98d84"
  integrity sha512-Q+mk96KJ+FZ30h9fsJl+67IjNJm3x2eX+GBWGmocAKgzp27cowCOOqSdscX80s0SpdFXZnIv/+1xD1EctFx96Q==

"@esbuild/android-arm64@0.19.10":
  version "0.19.10"
  resolved "https://registry.yarnpkg.com/@esbuild/android-arm64/-/android-arm64-0.19.10.tgz#ef31015416dd79398082409b77aaaa2ade4d531a"
  integrity sha512-1X4CClKhDgC3by7k8aOWZeBXQX8dHT5QAMCAQDArCLaYfkppoARvh0fit3X2Qs+MXDngKcHv6XXyQCpY0hkK1Q==

"@esbuild/android-arm@0.19.10":
  version "0.19.10"
  resolved "https://registry.yarnpkg.com/@esbuild/android-arm/-/android-arm-0.19.10.tgz#1c23c7e75473aae9fb323be5d9db225142f47f52"
  integrity sha512-7W0bK7qfkw1fc2viBfrtAEkDKHatYfHzr/jKAHNr9BvkYDXPcC6bodtm8AyLJNNuqClLNaeTLuwURt4PRT9d7w==

"@esbuild/android-x64@0.19.10":
  version "0.19.10"
  resolved "https://registry.yarnpkg.com/@esbuild/android-x64/-/android-x64-0.19.10.tgz#df6a4e6d6eb8da5595cfce16d4e3f6bc24464707"
  integrity sha512-O/nO/g+/7NlitUxETkUv/IvADKuZXyH4BHf/g/7laqKC4i/7whLpB0gvpPc2zpF0q9Q6FXS3TS75QHac9MvVWw==

"@esbuild/darwin-arm64@0.19.10":
  version "0.19.10"
  resolved "https://registry.yarnpkg.com/@esbuild/darwin-arm64/-/darwin-arm64-0.19.10.tgz#8462a55db07c1b2fad61c8244ce04469ef1043be"
  integrity sha512-YSRRs2zOpwypck+6GL3wGXx2gNP7DXzetmo5pHXLrY/VIMsS59yKfjPizQ4lLt5vEI80M41gjm2BxrGZ5U+VMA==

"@esbuild/darwin-x64@0.19.10":
  version "0.19.10"
  resolved "https://registry.yarnpkg.com/@esbuild/darwin-x64/-/darwin-x64-0.19.10.tgz#d1de20bfd41bb75b955ba86a6b1004539e8218c1"
  integrity sha512-alfGtT+IEICKtNE54hbvPg13xGBe4GkVxyGWtzr+yHO7HIiRJppPDhOKq3zstTcVf8msXb/t4eavW3jCDpMSmA==

"@esbuild/freebsd-arm64@0.19.10":
  version "0.19.10"
  resolved "https://registry.yarnpkg.com/@esbuild/freebsd-arm64/-/freebsd-arm64-0.19.10.tgz#16904879e34c53a2e039d1284695d2db3e664d57"
  integrity sha512-dMtk1wc7FSH8CCkE854GyGuNKCewlh+7heYP/sclpOG6Cectzk14qdUIY5CrKDbkA/OczXq9WesqnPl09mj5dg==

"@esbuild/freebsd-x64@0.19.10":
  version "0.19.10"
  resolved "https://registry.yarnpkg.com/@esbuild/freebsd-x64/-/freebsd-x64-0.19.10.tgz#8ad9e5ca9786ca3f1ef1411bfd10b08dcd9d4cef"
  integrity sha512-G5UPPspryHu1T3uX8WiOEUa6q6OlQh6gNl4CO4Iw5PS+Kg5bVggVFehzXBJY6X6RSOMS8iXDv2330VzaObm4Ag==

"@esbuild/linux-arm64@0.19.10":
  version "0.19.10"
  resolved "https://registry.yarnpkg.com/@esbuild/linux-arm64/-/linux-arm64-0.19.10.tgz#d82cf2c590faece82d28bbf1cfbe36f22ae25bd2"
  integrity sha512-QxaouHWZ+2KWEj7cGJmvTIHVALfhpGxo3WLmlYfJ+dA5fJB6lDEIg+oe/0//FuyVHuS3l79/wyBxbHr0NgtxJQ==

"@esbuild/linux-arm@0.19.10":
  version "0.19.10"
  resolved "https://registry.yarnpkg.com/@esbuild/linux-arm/-/linux-arm-0.19.10.tgz#477b8e7c7bcd34369717b04dd9ee6972c84f4029"
  integrity sha512-j6gUW5aAaPgD416Hk9FHxn27On28H4eVI9rJ4az7oCGTFW48+LcgNDBN+9f8rKZz7EEowo889CPKyeaD0iw9Kg==

"@esbuild/linux-ia32@0.19.10":
  version "0.19.10"
  resolved "https://registry.yarnpkg.com/@esbuild/linux-ia32/-/linux-ia32-0.19.10.tgz#d55ff822cf5b0252a57112f86857ff23be6cab0e"
  integrity sha512-4ub1YwXxYjj9h1UIZs2hYbnTZBtenPw5NfXCRgEkGb0b6OJ2gpkMvDqRDYIDRjRdWSe/TBiZltm3Y3Q8SN1xNg==

"@esbuild/linux-loong64@0.19.10":
  version "0.19.10"
  resolved "https://registry.yarnpkg.com/@esbuild/linux-loong64/-/linux-loong64-0.19.10.tgz#a9ad057d7e48d6c9f62ff50f6f208e331c4543c7"
  integrity sha512-lo3I9k+mbEKoxtoIbM0yC/MZ1i2wM0cIeOejlVdZ3D86LAcFXFRdeuZmh91QJvUTW51bOK5W2BznGNIl4+mDaA==

"@esbuild/linux-mips64el@0.19.10":
  version "0.19.10"
  resolved "https://registry.yarnpkg.com/@esbuild/linux-mips64el/-/linux-mips64el-0.19.10.tgz#b011a96924773d60ebab396fbd7a08de66668179"
  integrity sha512-J4gH3zhHNbdZN0Bcr1QUGVNkHTdpijgx5VMxeetSk6ntdt+vR1DqGmHxQYHRmNb77tP6GVvD+K0NyO4xjd7y4A==

"@esbuild/linux-ppc64@0.19.10":
  version "0.19.10"
  resolved "https://registry.yarnpkg.com/@esbuild/linux-ppc64/-/linux-ppc64-0.19.10.tgz#5d8b59929c029811e473f2544790ea11d588d4dd"
  integrity sha512-tgT/7u+QhV6ge8wFMzaklOY7KqiyitgT1AUHMApau32ZlvTB/+efeCtMk4eXS+uEymYK249JsoiklZN64xt6oQ==

"@esbuild/linux-riscv64@0.19.10":
  version "0.19.10"
  resolved "https://registry.yarnpkg.com/@esbuild/linux-riscv64/-/linux-riscv64-0.19.10.tgz#292b06978375b271bd8bc0a554e0822957508d22"
  integrity sha512-0f/spw0PfBMZBNqtKe5FLzBDGo0SKZKvMl5PHYQr3+eiSscfJ96XEknCe+JoOayybWUFQbcJTrk946i3j9uYZA==

"@esbuild/linux-s390x@0.19.10":
  version "0.19.10"
  resolved "https://registry.yarnpkg.com/@esbuild/linux-s390x/-/linux-s390x-0.19.10.tgz#d30af63530f8d4fa96930374c9dd0d62bf59e069"
  integrity sha512-pZFe0OeskMHzHa9U38g+z8Yx5FNCLFtUnJtQMpwhS+r4S566aK2ci3t4NCP4tjt6d5j5uo4h7tExZMjeKoehAA==

"@esbuild/linux-x64@0.19.10":
  version "0.19.10"
  resolved "https://registry.yarnpkg.com/@esbuild/linux-x64/-/linux-x64-0.19.10.tgz#898c72eeb74d9f2fb43acf316125b475548b75ce"
  integrity sha512-SpYNEqg/6pZYoc+1zLCjVOYvxfZVZj6w0KROZ3Fje/QrM3nfvT2llI+wmKSrWuX6wmZeTapbarvuNNK/qepSgA==

"@esbuild/netbsd-x64@0.19.10":
  version "0.19.10"
  resolved "https://registry.yarnpkg.com/@esbuild/netbsd-x64/-/netbsd-x64-0.19.10.tgz#fd473a5ae261b43eab6dad4dbd5a3155906e6c91"
  integrity sha512-ACbZ0vXy9zksNArWlk2c38NdKg25+L9pr/mVaj9SUq6lHZu/35nx2xnQVRGLrC1KKQqJKRIB0q8GspiHI3J80Q==

"@esbuild/openbsd-x64@0.19.10":
  version "0.19.10"
  resolved "https://registry.yarnpkg.com/@esbuild/openbsd-x64/-/openbsd-x64-0.19.10.tgz#96eb8992e526717b5272321eaad3e21f3a608e46"
  integrity sha512-PxcgvjdSjtgPMiPQrM3pwSaG4kGphP+bLSb+cihuP0LYdZv1epbAIecHVl5sD3npkfYBZ0ZnOjR878I7MdJDFg==

"@esbuild/sunos-x64@0.19.10":
  version "0.19.10"
  resolved "https://registry.yarnpkg.com/@esbuild/sunos-x64/-/sunos-x64-0.19.10.tgz#c16ee1c167f903eaaa6acf7372bee42d5a89c9bc"
  integrity sha512-ZkIOtrRL8SEJjr+VHjmW0znkPs+oJXhlJbNwfI37rvgeMtk3sxOQevXPXjmAPZPigVTncvFqLMd+uV0IBSEzqA==

"@esbuild/win32-arm64@0.19.10":
  version "0.19.10"
  resolved "https://registry.yarnpkg.com/@esbuild/win32-arm64/-/win32-arm64-0.19.10.tgz#7e417d1971dbc7e469b4eceb6a5d1d667b5e3dcc"
  integrity sha512-+Sa4oTDbpBfGpl3Hn3XiUe4f8TU2JF7aX8cOfqFYMMjXp6ma6NJDztl5FDG8Ezx0OjwGikIHw+iA54YLDNNVfw==

"@esbuild/win32-ia32@0.19.10":
  version "0.19.10"
  resolved "https://registry.yarnpkg.com/@esbuild/win32-ia32/-/win32-ia32-0.19.10.tgz#2b52dfec6cd061ecb36171c13bae554888b439e5"
  integrity sha512-EOGVLK1oWMBXgfttJdPHDTiivYSjX6jDNaATeNOaCOFEVcfMjtbx7WVQwPSE1eIfCp/CaSF2nSrDtzc4I9f8TQ==

"@esbuild/win32-x64@0.19.10":
  version "0.19.10"
  resolved "https://registry.yarnpkg.com/@esbuild/win32-x64/-/win32-x64-0.19.10.tgz#bd123a74f243d2f3a1f046447bb9b363ee25d072"
  integrity sha512-whqLG6Sc70AbU73fFYvuYzaE4MNMBIlR1Y/IrUeOXFrWHxBEjjbZaQ3IXIQS8wJdAzue2GwYZCjOrgrU1oUHoA==

"@jest/schemas@^29.6.3":
  version "29.6.3"
  resolved "https://registry.yarnpkg.com/@jest/schemas/-/schemas-29.6.3.tgz#430b5ce8a4e0044a7e3819663305a7b3091c8e03"
  integrity sha512-mo5j5X+jIZmJQveBKeS/clAueipV7KgiX1vMgCxam1RNYiqE1w62n0/tJJnHtjW8ZHcQco5gY85jA3mi0L+nSA==
  dependencies:
    "@sinclair/typebox" "^0.27.8"

"@jridgewell/sourcemap-codec@^1.4.15":
  version "1.4.15"
  resolved "https://registry.yarnpkg.com/@jridgewell/sourcemap-codec/-/sourcemap-codec-1.4.15.tgz#d7c6e6755c78567a951e04ab52ef0fd26de59f32"
  integrity sha512-eF2rxCRulEKXHTRiDrDy6erMYWqNw4LPdQ8UQA4huuxaQsVeRPFl2oM8oDGxMFhJUWZf9McpLtJasDDZb/Bpeg==

"@podman-desktop/api@^1.6.3":
  version "1.6.3"
  resolved "https://registry.yarnpkg.com/@podman-desktop/api/-/api-1.6.3.tgz#8a7fe63a9faeadfb69544f9a0b84918d33eded2c"
  integrity sha512-l0gaQtZcR1cP4VWaOCRBNmF0WJKPCT97oQ+wR5cy2HXbk1wz10wDX7nGcUw5iQ8Gb85bvMss5I81B7LnR9J+EQ==

"@rollup/rollup-android-arm-eabi@4.9.1":
  version "4.9.1"
  resolved "https://registry.yarnpkg.com/@rollup/rollup-android-arm-eabi/-/rollup-android-arm-eabi-4.9.1.tgz#beaf518ee45a196448e294ad3f823d2d4576cf35"
  integrity sha512-6vMdBZqtq1dVQ4CWdhFwhKZL6E4L1dV6jUjuBvsavvNJSppzi6dLBbuV+3+IyUREaj9ZFvQefnQm28v4OCXlig==

"@rollup/rollup-android-arm64@4.9.1":
  version "4.9.1"
  resolved "https://registry.yarnpkg.com/@rollup/rollup-android-arm64/-/rollup-android-arm64-4.9.1.tgz#6f76cfa759c2d0fdb92122ffe28217181a1664eb"
  integrity sha512-Jto9Fl3YQ9OLsTDWtLFPtaIMSL2kwGyGoVCmPC8Gxvym9TCZm4Sie+cVeblPO66YZsYH8MhBKDMGZ2NDxuk/XQ==

"@rollup/rollup-darwin-arm64@4.9.1":
  version "4.9.1"
  resolved "https://registry.yarnpkg.com/@rollup/rollup-darwin-arm64/-/rollup-darwin-arm64-4.9.1.tgz#9aaefe33a5481d66322d1c62f368171c03eabe2b"
  integrity sha512-LtYcLNM+bhsaKAIGwVkh5IOWhaZhjTfNOkGzGqdHvhiCUVuJDalvDxEdSnhFzAn+g23wgsycmZk1vbnaibZwwA==

"@rollup/rollup-darwin-x64@4.9.1":
  version "4.9.1"
  resolved "https://registry.yarnpkg.com/@rollup/rollup-darwin-x64/-/rollup-darwin-x64-4.9.1.tgz#707dcaadcdc6bd3fd6c69f55d9456cd4446306a3"
  integrity sha512-KyP/byeXu9V+etKO6Lw3E4tW4QdcnzDG/ake031mg42lob5tN+5qfr+lkcT/SGZaH2PdW4Z1NX9GHEkZ8xV7og==

"@rollup/rollup-linux-arm-gnueabihf@4.9.1":
  version "4.9.1"
  resolved "https://registry.yarnpkg.com/@rollup/rollup-linux-arm-gnueabihf/-/rollup-linux-arm-gnueabihf-4.9.1.tgz#7a4dbbd1dd98731d88a55aefcef0ec4c578fa9c7"
  integrity sha512-Yqz/Doumf3QTKplwGNrCHe/B2p9xqDghBZSlAY0/hU6ikuDVQuOUIpDP/YcmoT+447tsZTmirmjgG3znvSCR0Q==

"@rollup/rollup-linux-arm64-gnu@4.9.1":
  version "4.9.1"
  resolved "https://registry.yarnpkg.com/@rollup/rollup-linux-arm64-gnu/-/rollup-linux-arm64-gnu-4.9.1.tgz#967ba8e6f68a5f21bd00cd97773dcdd6107e94ed"
  integrity sha512-u3XkZVvxcvlAOlQJ3UsD1rFvLWqu4Ef/Ggl40WAVCuogf4S1nJPHh5RTgqYFpCOvuGJ7H5yGHabjFKEZGExk5Q==

"@rollup/rollup-linux-arm64-musl@4.9.1":
  version "4.9.1"
  resolved "https://registry.yarnpkg.com/@rollup/rollup-linux-arm64-musl/-/rollup-linux-arm64-musl-4.9.1.tgz#d3a4e1c9f21eef3b9f4e4989f334a519a1341462"
  integrity sha512-0XSYN/rfWShW+i+qjZ0phc6vZ7UWI8XWNz4E/l+6edFt+FxoEghrJHjX1EY/kcUGCnZzYYRCl31SNdfOi450Aw==

"@rollup/rollup-linux-riscv64-gnu@4.9.1":
  version "4.9.1"
  resolved "https://registry.yarnpkg.com/@rollup/rollup-linux-riscv64-gnu/-/rollup-linux-riscv64-gnu-4.9.1.tgz#415c0533bb752164effd05f5613858e8f6779bc9"
  integrity sha512-LmYIO65oZVfFt9t6cpYkbC4d5lKHLYv5B4CSHRpnANq0VZUQXGcCPXHzbCXCz4RQnx7jvlYB1ISVNCE/omz5cw==

"@rollup/rollup-linux-x64-gnu@4.9.1":
  version "4.9.1"
  resolved "https://registry.yarnpkg.com/@rollup/rollup-linux-x64-gnu/-/rollup-linux-x64-gnu-4.9.1.tgz#0983385dd753a2e0ecaddea7a81dd37fea5114f5"
  integrity sha512-kr8rEPQ6ns/Lmr/hiw8sEVj9aa07gh1/tQF2Y5HrNCCEPiCBGnBUt9tVusrcBBiJfIt1yNaXN6r1CCmpbFEDpg==

"@rollup/rollup-linux-x64-musl@4.9.1":
  version "4.9.1"
  resolved "https://registry.yarnpkg.com/@rollup/rollup-linux-x64-musl/-/rollup-linux-x64-musl-4.9.1.tgz#eb7494ebc5199cbd2e5c38c2b8acbe2603f35e03"
  integrity sha512-t4QSR7gN+OEZLG0MiCgPqMWZGwmeHhsM4AkegJ0Kiy6TnJ9vZ8dEIwHw1LcZKhbHxTY32hp9eVCMdR3/I8MGRw==

"@rollup/rollup-win32-arm64-msvc@4.9.1":
  version "4.9.1"
  resolved "https://registry.yarnpkg.com/@rollup/rollup-win32-arm64-msvc/-/rollup-win32-arm64-msvc-4.9.1.tgz#5bebc66e3a7f82d4b9aa9ff448e7fc13a69656e9"
  integrity sha512-7XI4ZCBN34cb+BH557FJPmh0kmNz2c25SCQeT9OiFWEgf8+dL6ZwJ8f9RnUIit+j01u07Yvrsuu1rZGxJCc51g==

"@rollup/rollup-win32-ia32-msvc@4.9.1":
  version "4.9.1"
  resolved "https://registry.yarnpkg.com/@rollup/rollup-win32-ia32-msvc/-/rollup-win32-ia32-msvc-4.9.1.tgz#34156ebf8b4de3b20e6497260fe519a30263f8cf"
  integrity sha512-yE5c2j1lSWOH5jp+Q0qNL3Mdhr8WuqCNVjc6BxbVfS5cAS6zRmdiw7ktb8GNpDCEUJphILY6KACoFoRtKoqNQg==

"@rollup/rollup-win32-x64-msvc@4.9.1":
  version "4.9.1"
  resolved "https://registry.yarnpkg.com/@rollup/rollup-win32-x64-msvc/-/rollup-win32-x64-msvc-4.9.1.tgz#d146db7a5949e10837b323ce933ed882ac878262"
  integrity sha512-PyJsSsafjmIhVgaI1Zdj7m8BB8mMckFah/xbpplObyHfiXzKcI5UOUXRyOdHW7nz4DpMCuzLnF7v5IWHenCwYA==

"@sinclair/typebox@^0.27.8":
  version "0.27.8"
  resolved "https://registry.yarnpkg.com/@sinclair/typebox/-/typebox-0.27.8.tgz#6667fac16c436b5434a387a34dedb013198f6e6e"
  integrity sha512-+Fj43pSMwJs4KRrH/938Uf+uAELIgVBmQzg/q1YG10djyfA3TnrU8N8XzqCh/okZdszqBQTZf96idMfE5lnwTA==

"@vitest/expect@1.1.0":
  version "1.1.0"
  resolved "https://registry.yarnpkg.com/@vitest/expect/-/expect-1.1.0.tgz#f58eef7de090ad65f30bb93ec54fa9f94c9d1d5d"
  integrity sha512-9IE2WWkcJo2BR9eqtY5MIo3TPmS50Pnwpm66A6neb2hvk/QSLfPXBz2qdiwUOQkwyFuuXEUj5380CbwfzW4+/w==
  dependencies:
    "@vitest/spy" "1.1.0"
    "@vitest/utils" "1.1.0"
    chai "^4.3.10"

"@vitest/runner@1.1.0":
  version "1.1.0"
  resolved "https://registry.yarnpkg.com/@vitest/runner/-/runner-1.1.0.tgz#b3bf60f4a78f4324ca09811dd0f87b721a96b534"
  integrity sha512-zdNLJ00pm5z/uhbWF6aeIJCGMSyTyWImy3Fcp9piRGvueERFlQFbUwCpzVce79OLm2UHk9iwaMSOaU9jVHgNVw==
  dependencies:
    "@vitest/utils" "1.1.0"
    p-limit "^5.0.0"
    pathe "^1.1.1"

"@vitest/snapshot@1.1.0":
  version "1.1.0"
  resolved "https://registry.yarnpkg.com/@vitest/snapshot/-/snapshot-1.1.0.tgz#b9924e4303382b43bb2c31061b173e69a6fb3437"
  integrity sha512-5O/wyZg09V5qmNmAlUgCBqflvn2ylgsWJRRuPrnHEfDNT6tQpQ8O1isNGgo+VxofISHqz961SG3iVvt3SPK/QQ==
  dependencies:
    magic-string "^0.30.5"
    pathe "^1.1.1"
    pretty-format "^29.7.0"

"@vitest/spy@1.1.0":
  version "1.1.0"
  resolved "https://registry.yarnpkg.com/@vitest/spy/-/spy-1.1.0.tgz#7f40697e4fc217ac8c3cc89a865d1751b263f561"
  integrity sha512-sNOVSU/GE+7+P76qYo+VXdXhXffzWZcYIPQfmkiRxaNCSPiLANvQx5Mx6ZURJ/ndtEkUJEpvKLXqAYTKEY+lTg==
  dependencies:
    tinyspy "^2.2.0"

"@vitest/utils@1.1.0":
  version "1.1.0"
  resolved "https://registry.yarnpkg.com/@vitest/utils/-/utils-1.1.0.tgz#d177a5f41bdb484bbb43c8d73a77ca782df068b5"
  integrity sha512-z+s510fKmYz4Y41XhNs3vcuFTFhcij2YF7F8VQfMEYAAUfqQh0Zfg7+w9xdgFGhPf3tX3TicAe+8BDITk6ampQ==
  dependencies:
    diff-sequences "^29.6.3"
    loupe "^2.3.7"
    pretty-format "^29.7.0"

acorn-walk@^8.3.0:
  version "8.3.1"
  resolved "https://registry.yarnpkg.com/acorn-walk/-/acorn-walk-8.3.1.tgz#2f10f5b69329d90ae18c58bf1fa8fccd8b959a43"
  integrity sha512-TgUZgYvqZprrl7YldZNoa9OciCAyZR+Ejm9eXzKCmjsF5IKp/wgQ7Z/ZpjpGTIUPwrHQIcYeI8qDh4PsEwxMbw==

acorn@^8.10.0:
  version "8.11.2"
  resolved "https://registry.yarnpkg.com/acorn/-/acorn-8.11.2.tgz#ca0d78b51895be5390a5903c5b3bdcdaf78ae40b"
  integrity sha512-nc0Axzp/0FILLEVsm4fNwLCwMttvhEI263QtVPQcbpfZZ3ts0hLsZGOpE6czNlid7CJ9MlyH8reXkpsf3YUY4w==

ansi-styles@^5.0.0:
  version "5.2.0"
  resolved "https://registry.yarnpkg.com/ansi-styles/-/ansi-styles-5.2.0.tgz#07449690ad45777d1924ac2abb2fc8895dba836b"
  integrity sha512-Cxwpt2SfTzTtXcfOlzGEee8O+c+MmUgGrNiBcXnuWxuFJHe6a5Hz7qwhwe5OgaSYI0IJvkLqWX1ASG+cJOkEiA==

assertion-error@^1.1.0:
  version "1.1.0"
  resolved "https://registry.yarnpkg.com/assertion-error/-/assertion-error-1.1.0.tgz#e60b6b0e8f301bd97e5375215bda406c85118c0b"
  integrity sha512-jgsaNduz+ndvGyFt3uSuWqvy4lCnIJiovtouQN5JZHOKCS2QuhEdbcQHFhVksz2N2U9hXJo8odG7ETyWlEeuDw==

cac@^6.7.14:
  version "6.7.14"
  resolved "https://registry.yarnpkg.com/cac/-/cac-6.7.14.tgz#804e1e6f506ee363cb0e3ccbb09cad5dd9870959"
  integrity sha512-b6Ilus+c3RrdDk+JhLKUAQfzzgLEPy6wcXqS7f/xe1EETvsDP6GORG7SFuOs6cID5YkqchW/LXZbX5bc8j7ZcQ==

chai@^4.3.10:
  version "4.3.10"
  resolved "https://registry.yarnpkg.com/chai/-/chai-4.3.10.tgz#d784cec635e3b7e2ffb66446a63b4e33bd390384"
  integrity sha512-0UXG04VuVbruMUYbJ6JctvH0YnC/4q3/AkT18q4NaITo91CUm0liMS9VqzT9vZhVQ/1eqPanMWjBM+Juhfb/9g==
  dependencies:
    assertion-error "^1.1.0"
    check-error "^1.0.3"
    deep-eql "^4.1.3"
    get-func-name "^2.0.2"
    loupe "^2.3.6"
    pathval "^1.1.1"
    type-detect "^4.0.8"

check-error@^1.0.3:
  version "1.0.3"
  resolved "https://registry.yarnpkg.com/check-error/-/check-error-1.0.3.tgz#a6502e4312a7ee969f646e83bb3ddd56281bd694"
  integrity sha512-iKEoDYaRmd1mxM90a2OEfWhjsjPpYPuQ+lMYsoxB126+t8fw7ySEO48nmDg5COTjxDI65/Y2OWpeEHk3ZOe8zg==
  dependencies:
    get-func-name "^2.0.2"

cross-spawn@^7.0.3:
  version "7.0.3"
  resolved "https://registry.yarnpkg.com/cross-spawn/-/cross-spawn-7.0.3.tgz#f73a85b9d5d41d045551c177e2882d4ac85728a6"
  integrity sha512-iRDPJKUPVEND7dHPO8rkbOnPpyDygcDFtWjpeWNCgy8WP2rXcxXL8TskReQl6OrB2G7+UJrags1q15Fudc7G6w==
  dependencies:
    path-key "^3.1.0"
    shebang-command "^2.0.0"
    which "^2.0.1"

debug@^4.3.4:
  version "4.3.4"
  resolved "https://registry.yarnpkg.com/debug/-/debug-4.3.4.tgz#1319f6579357f2338d3337d2cdd4914bb5dcc865"
  integrity sha512-PRWFHuSU3eDtQJPvnNY7Jcket1j0t5OuOsFzPPzsekD52Zl8qUfFIPEiswXqIvHWGVHOgX+7G/vCNNhehwxfkQ==
  dependencies:
    ms "2.1.2"

deep-eql@^4.1.3:
  version "4.1.3"
  resolved "https://registry.yarnpkg.com/deep-eql/-/deep-eql-4.1.3.tgz#7c7775513092f7df98d8df9996dd085eb668cc6d"
  integrity sha512-WaEtAOpRA1MQ0eohqZjpGD8zdI0Ovsm8mmFhaDN8dvDZzyoUMcYDnf5Y6iu7HTXxf8JDS23qWa4a+hKCDyOPzw==
  dependencies:
    type-detect "^4.0.0"

diff-sequences@^29.6.3:
  version "29.6.3"
  resolved "https://registry.yarnpkg.com/diff-sequences/-/diff-sequences-29.6.3.tgz#4deaf894d11407c51efc8418012f9e70b84ea921"
  integrity sha512-EjePK1srD3P08o2j4f0ExnylqRs5B9tJjcp9t1krH2qRi8CCdsYfwe9JgSLurFBWwq4uOlipzfk5fHNvwFKr8Q==

esbuild@^0.19.3:
  version "0.19.10"
  resolved "https://registry.yarnpkg.com/esbuild/-/esbuild-0.19.10.tgz#55e83e4a6b702e3498b9f872d84bfb4ebcb6d16e"
  integrity sha512-S1Y27QGt/snkNYrRcswgRFqZjaTG5a5xM3EQo97uNBnH505pdzSNe/HLBq1v0RO7iK/ngdbhJB6mDAp0OK+iUA==
  optionalDependencies:
    "@esbuild/aix-ppc64" "0.19.10"
    "@esbuild/android-arm" "0.19.10"
    "@esbuild/android-arm64" "0.19.10"
    "@esbuild/android-x64" "0.19.10"
    "@esbuild/darwin-arm64" "0.19.10"
    "@esbuild/darwin-x64" "0.19.10"
    "@esbuild/freebsd-arm64" "0.19.10"
    "@esbuild/freebsd-x64" "0.19.10"
    "@esbuild/linux-arm" "0.19.10"
    "@esbuild/linux-arm64" "0.19.10"
    "@esbuild/linux-ia32" "0.19.10"
    "@esbuild/linux-loong64" "0.19.10"
    "@esbuild/linux-mips64el" "0.19.10"
    "@esbuild/linux-ppc64" "0.19.10"
    "@esbuild/linux-riscv64" "0.19.10"
    "@esbuild/linux-s390x" "0.19.10"
    "@esbuild/linux-x64" "0.19.10"
    "@esbuild/netbsd-x64" "0.19.10"
    "@esbuild/openbsd-x64" "0.19.10"
    "@esbuild/sunos-x64" "0.19.10"
    "@esbuild/win32-arm64" "0.19.10"
    "@esbuild/win32-ia32" "0.19.10"
    "@esbuild/win32-x64" "0.19.10"

execa@^8.0.1:
  version "8.0.1"
  resolved "https://registry.yarnpkg.com/execa/-/execa-8.0.1.tgz#51f6a5943b580f963c3ca9c6321796db8cc39b8c"
  integrity sha512-VyhnebXciFV2DESc+p6B+y0LjSm0krU4OgJN44qFAhBY0TJ+1V61tYD2+wHusZ6F9n5K+vl8k0sTy7PEfV4qpg==
  dependencies:
    cross-spawn "^7.0.3"
    get-stream "^8.0.1"
    human-signals "^5.0.0"
    is-stream "^3.0.0"
    merge-stream "^2.0.0"
    npm-run-path "^5.1.0"
    onetime "^6.0.0"
    signal-exit "^4.1.0"
    strip-final-newline "^3.0.0"

fsevents@~2.3.2, fsevents@~2.3.3:
  version "2.3.3"
  resolved "https://registry.yarnpkg.com/fsevents/-/fsevents-2.3.3.tgz#cac6407785d03675a2a5e1a5305c697b347d90d6"
  integrity sha512-5xoDfX+fL7faATnagmWPpbFtwh/R77WmMMqqHGS65C3vvB0YHrgF+B1YmZ3441tMj5n63k0212XNoJwzlhffQw==

get-func-name@^2.0.1, get-func-name@^2.0.2:
  version "2.0.2"
  resolved "https://registry.yarnpkg.com/get-func-name/-/get-func-name-2.0.2.tgz#0d7cf20cd13fda808669ffa88f4ffc7a3943fc41"
  integrity sha512-8vXOvuE167CtIc3OyItco7N/dpRtBbYOsPsXCz7X/PMnlGjYjSGuZJgM1Y7mmew7BKf9BqvLX2tnOVy1BBUsxQ==

get-stream@^8.0.1:
  version "8.0.1"
  resolved "https://registry.yarnpkg.com/get-stream/-/get-stream-8.0.1.tgz#def9dfd71742cd7754a7761ed43749a27d02eca2"
  integrity sha512-VaUJspBffn/LMCJVoMvSAdmscJyS1auj5Zulnn5UoYcY531UWmdwhRWkcGKnGU93m5HSXP9LP2usOryrBtQowA==

human-signals@^5.0.0:
  version "5.0.0"
  resolved "https://registry.yarnpkg.com/human-signals/-/human-signals-5.0.0.tgz#42665a284f9ae0dade3ba41ebc37eb4b852f3a28"
  integrity sha512-AXcZb6vzzrFAUE61HnN4mpLqd/cSIwNQjtNWR0euPm6y0iqx3G4gOXaIDdtdDwZmhwe82LA6+zinmW4UBWVePQ==

is-stream@^3.0.0:
  version "3.0.0"
  resolved "https://registry.yarnpkg.com/is-stream/-/is-stream-3.0.0.tgz#e6bfd7aa6bef69f4f472ce9bb681e3e57b4319ac"
  integrity sha512-LnQR4bZ9IADDRSkvpqMGvt/tEJWclzklNgSw48V5EAaAeDd6qGvN8ei6k5p0tvxSR171VmGyHuTiAOfxAbr8kA==

isexe@^2.0.0:
  version "2.0.0"
  resolved "https://registry.yarnpkg.com/isexe/-/isexe-2.0.0.tgz#e8fbf374dc556ff8947a10dcb0572d633f2cfa10"
  integrity sha512-RHxMLp9lnKHGHRng9QFhRCMbYAcVpn69smSGcq3f36xjgVVWThj4qqLbTLlq7Ssj8B+fIQ1EuCEGI2lKsyQeIw==

jsonc-parser@^3.2.0:
  version "3.2.0"
  resolved "https://registry.yarnpkg.com/jsonc-parser/-/jsonc-parser-3.2.0.tgz#31ff3f4c2b9793f89c67212627c51c6394f88e76"
  integrity sha512-gfFQZrcTc8CnKXp6Y4/CBT3fTc0OVuDofpre4aEeEpSBPV5X5v4+Vmx+8snU7RLPrNHPKSgLxGo9YuQzz20o+w==

local-pkg@^0.5.0:
  version "0.5.0"
  resolved "https://registry.yarnpkg.com/local-pkg/-/local-pkg-0.5.0.tgz#093d25a346bae59a99f80e75f6e9d36d7e8c925c"
  integrity sha512-ok6z3qlYyCDS4ZEU27HaU6x/xZa9Whf8jD4ptH5UZTQYZVYeb9bnZ3ojVhiJNLiXK1Hfc0GNbLXcmZ5plLDDBg==
  dependencies:
    mlly "^1.4.2"
    pkg-types "^1.0.3"

loupe@^2.3.6, loupe@^2.3.7:
  version "2.3.7"
  resolved "https://registry.yarnpkg.com/loupe/-/loupe-2.3.7.tgz#6e69b7d4db7d3ab436328013d37d1c8c3540c697"
  integrity sha512-zSMINGVYkdpYSOBmLi0D1Uo7JU9nVdQKrHxC8eYlV+9YKK9WePqAlL7lSlorG/U2Fw1w0hTBmaa/jrQ3UbPHtA==
  dependencies:
    get-func-name "^2.0.1"

magic-string@^0.30.5:
  version "0.30.5"
  resolved "https://registry.yarnpkg.com/magic-string/-/magic-string-0.30.5.tgz#1994d980bd1c8835dc6e78db7cbd4ae4f24746f9"
  integrity sha512-7xlpfBaQaP/T6Vh8MO/EqXSW5En6INHEvEXQiuff7Gku0PWjU3uf6w/j9o7O+SpB5fOAkrI5HeoNgwjEO0pFsA==
  dependencies:
    "@jridgewell/sourcemap-codec" "^1.4.15"

merge-stream@^2.0.0:
  version "2.0.0"
  resolved "https://registry.yarnpkg.com/merge-stream/-/merge-stream-2.0.0.tgz#52823629a14dd00c9770fb6ad47dc6310f2c1f60"
  integrity sha512-abv/qOcuPfk3URPfDzmZU1LKmuw8kT+0nIHvKrKgFrwifol/doWcdA4ZqsWQ8ENrFKkd67Mfpo/LovbIUsbt3w==

mimic-fn@^4.0.0:
  version "4.0.0"
  resolved "https://registry.yarnpkg.com/mimic-fn/-/mimic-fn-4.0.0.tgz#60a90550d5cb0b239cca65d893b1a53b29871ecc"
  integrity sha512-vqiC06CuhBTUdZH+RYl8sFrL096vA45Ok5ISO6sE/Mr1jRbGH4Csnhi8f3wKVl7x8mO4Au7Ir9D3Oyv1VYMFJw==

mlly@^1.2.0, mlly@^1.4.2:
  version "1.4.2"
  resolved "https://registry.yarnpkg.com/mlly/-/mlly-1.4.2.tgz#7cf406aa319ff6563d25da6b36610a93f2a8007e"
  integrity sha512-i/Ykufi2t1EZ6NaPLdfnZk2AX8cs0d+mTzVKuPfqPKPatxLApaBoxJQ9x1/uckXtrS/U5oisPMDkNs0yQTaBRg==
  dependencies:
    acorn "^8.10.0"
    pathe "^1.1.1"
    pkg-types "^1.0.3"
    ufo "^1.3.0"

ms@2.1.2:
  version "2.1.2"
  resolved "https://registry.yarnpkg.com/ms/-/ms-2.1.2.tgz#d09d1f357b443f493382a8eb3ccd183872ae6009"
  integrity sha512-sGkPx+VjMtmA6MX27oA4FBFELFCZZ4S4XqeGOXCv68tT+jb3vk/RyaKWP0PTKyWtmLSM0b+adUTEvbs1PEaH2w==

nanoid@^3.3.7:
  version "3.3.7"
  resolved "https://registry.yarnpkg.com/nanoid/-/nanoid-3.3.7.tgz#d0c301a691bc8d54efa0a2226ccf3fe2fd656bd8"
  integrity sha512-eSRppjcPIatRIMC1U6UngP8XFcz8MQWGQdt1MTBQ7NaAmvXDfvNxbvWV3x2y6CdEUciCSsDHDQZbhYaB8QEo2g==

npm-run-path@^5.1.0:
  version "5.2.0"
  resolved "https://registry.yarnpkg.com/npm-run-path/-/npm-run-path-5.2.0.tgz#224cdd22c755560253dd71b83a1ef2f758b2e955"
  integrity sha512-W4/tgAXFqFA0iL7fk0+uQ3g7wkL8xJmx3XdK0VGb4cHW//eZTtKGvFBBoRKVTpY7n6ze4NL9ly7rgXcHufqXKg==
  dependencies:
    path-key "^4.0.0"

onetime@^6.0.0:
  version "6.0.0"
  resolved "https://registry.yarnpkg.com/onetime/-/onetime-6.0.0.tgz#7c24c18ed1fd2e9bca4bd26806a33613c77d34b4"
  integrity sha512-1FlR+gjXK7X+AsAHso35MnyN5KqGwJRi/31ft6x0M194ht7S+rWAvd7PHss9xSKMzE0asv1pyIHaJYq+BbacAQ==
  dependencies:
    mimic-fn "^4.0.0"

p-limit@^5.0.0:
  version "5.0.0"
  resolved "https://registry.yarnpkg.com/p-limit/-/p-limit-5.0.0.tgz#6946d5b7140b649b7a33a027d89b4c625b3a5985"
  integrity sha512-/Eaoq+QyLSiXQ4lyYV23f14mZRQcXnxfHrN0vCai+ak9G0pp9iEQukIIZq5NccEvwRB8PUnZT0KsOoDCINS1qQ==
  dependencies:
    yocto-queue "^1.0.0"

path-key@^3.1.0:
  version "3.1.1"
  resolved "https://registry.yarnpkg.com/path-key/-/path-key-3.1.1.tgz#581f6ade658cbba65a0d3380de7753295054f375"
  integrity sha512-ojmeN0qd+y0jszEtoY48r0Peq5dwMEkIlCOu6Q5f41lfkswXuKtYrhgoTpLnyIcHm24Uhqx+5Tqm2InSwLhE6Q==

path-key@^4.0.0:
  version "4.0.0"
  resolved "https://registry.yarnpkg.com/path-key/-/path-key-4.0.0.tgz#295588dc3aee64154f877adb9d780b81c554bf18"
  integrity sha512-haREypq7xkM7ErfgIyA0z+Bj4AGKlMSdlQE2jvJo6huWD1EdkKYV+G/T4nq0YEF2vgTT8kqMFKo1uHn950r4SQ==

pathe@^1.1.0, pathe@^1.1.1:
  version "1.1.1"
  resolved "https://registry.yarnpkg.com/pathe/-/pathe-1.1.1.tgz#1dd31d382b974ba69809adc9a7a347e65d84829a"
  integrity sha512-d+RQGp0MAYTIaDBIMmOfMwz3E+LOZnxx1HZd5R18mmCZY0QBlK0LDZfPc8FW8Ed2DlvsuE6PRjroDY+wg4+j/Q==

pathval@^1.1.1:
  version "1.1.1"
  resolved "https://registry.yarnpkg.com/pathval/-/pathval-1.1.1.tgz#8534e77a77ce7ac5a2512ea21e0fdb8fcf6c3d8d"
  integrity sha512-Dp6zGqpTdETdR63lehJYPeIOqpiNBNtc7BpWSLrOje7UaIsE5aY92r/AunQA7rsXvet3lrJ3JnZX29UPTKXyKQ==

picocolors@^1.0.0:
  version "1.0.0"
  resolved "https://registry.yarnpkg.com/picocolors/-/picocolors-1.0.0.tgz#cb5bdc74ff3f51892236eaf79d68bc44564ab81c"
  integrity sha512-1fygroTLlHu66zi26VoTDv8yRgm0Fccecssto+MhsZ0D/DGW2sm8E8AjW7NU5VVTRt5GxbeZ5qBuJr+HyLYkjQ==

pkg-types@^1.0.3:
  version "1.0.3"
  resolved "https://registry.yarnpkg.com/pkg-types/-/pkg-types-1.0.3.tgz#988b42ab19254c01614d13f4f65a2cfc7880f868"
  integrity sha512-nN7pYi0AQqJnoLPC9eHFQ8AcyaixBUOwvqc5TDnIKCMEE6I0y8P7OKA7fPexsXGCGxQDl/cmrLAp26LhcwxZ4A==
  dependencies:
    jsonc-parser "^3.2.0"
    mlly "^1.2.0"
    pathe "^1.1.0"

postcss@^8.4.32:
  version "8.4.32"
  resolved "https://registry.yarnpkg.com/postcss/-/postcss-8.4.32.tgz#1dac6ac51ab19adb21b8b34fd2d93a86440ef6c9"
  integrity sha512-D/kj5JNu6oo2EIy+XL/26JEDTlIbB8hw85G8StOE6L74RQAVVP5rej6wxCNqyMbR4RkPfqvezVbPw81Ngd6Kcw==
  dependencies:
    nanoid "^3.3.7"
    picocolors "^1.0.0"
    source-map-js "^1.0.2"

pretty-format@^29.7.0:
  version "29.7.0"
  resolved "https://registry.yarnpkg.com/pretty-format/-/pretty-format-29.7.0.tgz#ca42c758310f365bfa71a0bda0a807160b776812"
  integrity sha512-Pdlw/oPxN+aXdmM9R00JVC9WVFoCLTKJvDVLgmJ+qAffBMxsV85l/Lu7sNx4zSzPyoL2euImuEwHhOXdEgNFZQ==
  dependencies:
    "@jest/schemas" "^29.6.3"
    ansi-styles "^5.0.0"
    react-is "^18.0.0"

react-is@^18.0.0:
  version "18.2.0"
  resolved "https://registry.yarnpkg.com/react-is/-/react-is-18.2.0.tgz#199431eeaaa2e09f86427efbb4f1473edb47609b"
  integrity sha512-xWGDIW6x921xtzPkhiULtthJHoJvBbF3q26fzloPCK0hsvxtPVelvftw3zjbHWSkR2km9Z+4uxbDDK/6Zw9B8w==

rollup@^4.2.0:
  version "4.9.1"
  resolved "https://registry.yarnpkg.com/rollup/-/rollup-4.9.1.tgz#351d6c03e4e6bcd7a0339df3618d2aeeb108b507"
  integrity sha512-pgPO9DWzLoW/vIhlSoDByCzcpX92bKEorbgXuZrqxByte3JFk2xSW2JEeAcyLc9Ru9pqcNNW+Ob7ntsk2oT/Xw==
  optionalDependencies:
    "@rollup/rollup-android-arm-eabi" "4.9.1"
    "@rollup/rollup-android-arm64" "4.9.1"
    "@rollup/rollup-darwin-arm64" "4.9.1"
    "@rollup/rollup-darwin-x64" "4.9.1"
    "@rollup/rollup-linux-arm-gnueabihf" "4.9.1"
    "@rollup/rollup-linux-arm64-gnu" "4.9.1"
    "@rollup/rollup-linux-arm64-musl" "4.9.1"
    "@rollup/rollup-linux-riscv64-gnu" "4.9.1"
    "@rollup/rollup-linux-x64-gnu" "4.9.1"
    "@rollup/rollup-linux-x64-musl" "4.9.1"
    "@rollup/rollup-win32-arm64-msvc" "4.9.1"
    "@rollup/rollup-win32-ia32-msvc" "4.9.1"
    "@rollup/rollup-win32-x64-msvc" "4.9.1"
    fsevents "~2.3.2"

shebang-command@^2.0.0:
  version "2.0.0"
  resolved "https://registry.yarnpkg.com/shebang-command/-/shebang-command-2.0.0.tgz#ccd0af4f8835fbdc265b82461aaf0c36663f34ea"
  integrity sha512-kHxr2zZpYtdmrN1qDjrrX/Z1rR1kG8Dx+gkpK1G4eXmvXswmcE1hTWBWYUzlraYw1/yZp6YuDY77YtvbN0dmDA==
  dependencies:
    shebang-regex "^3.0.0"

shebang-regex@^3.0.0:
  version "3.0.0"
  resolved "https://registry.yarnpkg.com/shebang-regex/-/shebang-regex-3.0.0.tgz#ae16f1644d873ecad843b0307b143362d4c42172"
  integrity sha512-7++dFhtcx3353uBaq8DDR4NuxBetBzC7ZQOhmTQInHEd6bSrXdiEyzCvG07Z44UYdLShWUyXt5M/yhz8ekcb1A==

siginfo@^2.0.0:
  version "2.0.0"
  resolved "https://registry.yarnpkg.com/siginfo/-/siginfo-2.0.0.tgz#32e76c70b79724e3bb567cb9d543eb858ccfaf30"
  integrity sha512-ybx0WO1/8bSBLEWXZvEd7gMW3Sn3JFlW3TvX1nREbDLRNQNaeNN8WK0meBwPdAaOI7TtRRRJn/Es1zhrrCHu7g==

signal-exit@^4.1.0:
  version "4.1.0"
  resolved "https://registry.yarnpkg.com/signal-exit/-/signal-exit-4.1.0.tgz#952188c1cbd546070e2dd20d0f41c0ae0530cb04"
  integrity sha512-bzyZ1e88w9O1iNJbKnOlvYTrWPDl46O1bG0D3XInv+9tkPrxrN8jUUTiFlDkkmKWgn1M6CfIA13SuGqOa9Korw==

source-map-js@^1.0.2:
  version "1.0.2"
  resolved "https://registry.yarnpkg.com/source-map-js/-/source-map-js-1.0.2.tgz#adbc361d9c62df380125e7f161f71c826f1e490c"
  integrity sha512-R0XvVJ9WusLiqTCEiGCmICCMplcCkIwwR11mOSD9CR5u+IXYdiseeEuXCVAjS54zqwkLcPNnmU4OeJ6tUrWhDw==

stackback@0.0.2:
  version "0.0.2"
  resolved "https://registry.yarnpkg.com/stackback/-/stackback-0.0.2.tgz#1ac8a0d9483848d1695e418b6d031a3c3ce68e3b"
  integrity sha512-1XMJE5fQo1jGH6Y/7ebnwPOBEkIEnT4QF32d5R1+VXdXveM0IBMJt8zfaxX1P3QhVwrYe+576+jkANtSS2mBbw==

std-env@^3.5.0:
  version "3.7.0"
  resolved "https://registry.yarnpkg.com/std-env/-/std-env-3.7.0.tgz#c9f7386ced6ecf13360b6c6c55b8aaa4ef7481d2"
  integrity sha512-JPbdCEQLj1w5GilpiHAx3qJvFndqybBysA3qUOnznweH4QbNYUsW/ea8QzSrnh0vNsezMMw5bcVool8lM0gwzg==

strip-final-newline@^3.0.0:
  version "3.0.0"
  resolved "https://registry.yarnpkg.com/strip-final-newline/-/strip-final-newline-3.0.0.tgz#52894c313fbff318835280aed60ff71ebf12b8fd"
  integrity sha512-dOESqjYr96iWYylGObzd39EuNTa5VJxyvVAEm5Jnh7KGo75V43Hk1odPQkNDyXNmUR6k+gEiDVXnjB8HJ3crXw==

strip-literal@^1.3.0:
  version "1.3.0"
  resolved "https://registry.yarnpkg.com/strip-literal/-/strip-literal-1.3.0.tgz#db3942c2ec1699e6836ad230090b84bb458e3a07"
  integrity sha512-PugKzOsyXpArk0yWmUwqOZecSO0GH0bPoctLcqNDH9J04pVW3lflYE0ujElBGTloevcxF5MofAOZ7C5l2b+wLg==
  dependencies:
    acorn "^8.10.0"

tinybench@^2.5.1:
  version "2.5.1"
  resolved "https://registry.yarnpkg.com/tinybench/-/tinybench-2.5.1.tgz#3408f6552125e53a5a48adee31261686fd71587e"
  integrity sha512-65NKvSuAVDP/n4CqH+a9w2kTlLReS9vhsAP06MWx+/89nMinJyB2icyl58RIcqCmIggpojIGeuJGhjU1aGMBSg==

tinypool@^0.8.1:
  version "0.8.1"
  resolved "https://registry.yarnpkg.com/tinypool/-/tinypool-0.8.1.tgz#b6c4e4972ede3e3e5cda74a3da1679303d386b03"
  integrity sha512-zBTCK0cCgRROxvs9c0CGK838sPkeokNGdQVUUwHAbynHFlmyJYj825f/oRs528HaIJ97lo0pLIlDUzwN+IorWg==

tinyspy@^2.2.0:
  version "2.2.0"
  resolved "https://registry.yarnpkg.com/tinyspy/-/tinyspy-2.2.0.tgz#9dc04b072746520b432f77ea2c2d17933de5d6ce"
  integrity sha512-d2eda04AN/cPOR89F7Xv5bK/jrQEhmcLFe6HFldoeO9AJtps+fqEnh486vnT/8y4bw38pSyxDcTCAq+Ks2aJTg==

type-detect@^4.0.0, type-detect@^4.0.8:
  version "4.0.8"
  resolved "https://registry.yarnpkg.com/type-detect/-/type-detect-4.0.8.tgz#7646fb5f18871cfbb7749e69bd39a6388eb7450c"
  integrity sha512-0fr/mIH1dlO+x7TlcMy+bIDqKPsw/70tVyeHW787goQjhmqaZe10uwLujubK9q9Lg6Fiho1KUKDYz0Z7k7g5/g==

ufo@^1.3.0:
  version "1.3.2"
  resolved "https://registry.yarnpkg.com/ufo/-/ufo-1.3.2.tgz#c7d719d0628a1c80c006d2240e0d169f6e3c0496"
  integrity sha512-o+ORpgGwaYQXgqGDwd+hkS4PuZ3QnmqMMxRuajK/a38L6fTpcE5GPIfrf+L/KemFzfUpeUQc1rRS1iDBozvnFA==

vite-node@1.1.0:
  version "1.1.0"
  resolved "https://registry.yarnpkg.com/vite-node/-/vite-node-1.1.0.tgz#0ebcb7398692e378954786dfba28e905e28a76b4"
  integrity sha512-jV48DDUxGLEBdHCQvxL1mEh7+naVy+nhUUUaPAZLd3FJgXuxQiewHcfeZebbJ6onDqNGkP4r3MhQ342PRlG81Q==
  dependencies:
    cac "^6.7.14"
    debug "^4.3.4"
    pathe "^1.1.1"
    picocolors "^1.0.0"
    vite "^5.0.0"

vite@^5.0.0, vite@^5.0.10:
  version "5.0.10"
  resolved "https://registry.yarnpkg.com/vite/-/vite-5.0.10.tgz#1e13ef5c3cf5aa4eed81f5df6d107b3c3f1f6356"
  integrity sha512-2P8J7WWgmc355HUMlFrwofacvr98DAjoE52BfdbwQtyLH06XKwaL/FMnmKM2crF0iX4MpmMKoDlNCB1ok7zHCw==
  dependencies:
    esbuild "^0.19.3"
    postcss "^8.4.32"
    rollup "^4.2.0"
  optionalDependencies:
    fsevents "~2.3.3"

vitest@^1.1.0:
  version "1.1.0"
  resolved "https://registry.yarnpkg.com/vitest/-/vitest-1.1.0.tgz#47ba67c564aa137b53b0197d2a992908e7f5b04d"
  integrity sha512-oDFiCrw7dd3Jf06HoMtSRARivvyjHJaTxikFxuqJjO76U436PqlVw1uLn7a8OSPrhSfMGVaRakKpA2lePdw79A==
  dependencies:
    "@vitest/expect" "1.1.0"
    "@vitest/runner" "1.1.0"
    "@vitest/snapshot" "1.1.0"
    "@vitest/spy" "1.1.0"
    "@vitest/utils" "1.1.0"
    acorn-walk "^8.3.0"
    cac "^6.7.14"
    chai "^4.3.10"
    debug "^4.3.4"
    execa "^8.0.1"
    local-pkg "^0.5.0"
    magic-string "^0.30.5"
    pathe "^1.1.1"
    picocolors "^1.0.0"
    std-env "^3.5.0"
    strip-literal "^1.3.0"
    tinybench "^2.5.1"
    tinypool "^0.8.1"
    vite "^5.0.0"
    vite-node "1.1.0"
    why-is-node-running "^2.2.2"

which@^2.0.1:
  version "2.0.2"
  resolved "https://registry.yarnpkg.com/which/-/which-2.0.2.tgz#7c6a8dd0a636a0327e10b59c9286eee93f3f51b1"
  integrity sha512-BLI3Tl1TW3Pvl70l3yq3Y64i+awpwXqsGBYWkkqMtnbXgrMD+yj7rhW0kuEDxzJaYXGjEW5ogapKNMEKNMjibA==
  dependencies:
    isexe "^2.0.0"

why-is-node-running@^2.2.2:
  version "2.2.2"
  resolved "https://registry.yarnpkg.com/why-is-node-running/-/why-is-node-running-2.2.2.tgz#4185b2b4699117819e7154594271e7e344c9973e"
  integrity sha512-6tSwToZxTOcotxHeA+qGCq1mVzKR3CwcJGmVcY+QE8SHy6TnpFnh8PAvPNHYr7EcuVeG0QSMxtYCuO1ta/G/oA==
  dependencies:
    siginfo "^2.0.0"
    stackback "0.0.2"

yocto-queue@^1.0.0:
  version "1.0.0"
  resolved "https://registry.yarnpkg.com/yocto-queue/-/yocto-queue-1.0.0.tgz#7f816433fb2cbc511ec8bf7d263c3b58a1a3c251"
  integrity sha512-9bnSc/HEW2uRy67wc+T8UwauLuPJVn28jb+GtJY16iiKWyvmYJRXVT4UamsAEGQfPohgr2q4Tq0sQbQlxTfi1g==
